// !$*UTF8*$!
{
	archiveVersion = 1;
	classes = {
	};
	objectVersion = 50;
	objects = {

/* Begin PBXBuildFile section */
		8043AA12260CBBC200BE94EE /* DataFetcherService.swift in Sources */ = {isa = PBXBuildFile; fileRef = 8043AA11260CBBC200BE94EE /* DataFetcherService.swift */; };
		8043AA15260CE29D00BE94EE /* LocalDataFetcher.swift in Sources */ = {isa = PBXBuildFile; fileRef = 8043AA14260CE29D00BE94EE /* LocalDataFetcher.swift */; };
		8043AA1C260CE4C200BE94EE /* localJSON.txt in Resources */ = {isa = PBXBuildFile; fileRef = 8043AA1B260CE4C200BE94EE /* localJSON.txt */; };
		8067279C260B4F78009DA897 /* ViewController.swift in Sources */ = {isa = PBXBuildFile; fileRef = 8067279B260B4F78009DA897 /* ViewController.swift */; };
		806727A0260B4FE3009DA897 /* Main.storyboard in Resources */ = {isa = PBXBuildFile; fileRef = 8067279F260B4FE3009DA897 /* Main.storyboard */; };
		806727A5260B5677009DA897 /* NetworkService.swift in Sources */ = {isa = PBXBuildFile; fileRef = 806727A4260B5677009DA897 /* NetworkService.swift */; };
		806727A8260B5801009DA897 /* DataStore.swift in Sources */ = {isa = PBXBuildFile; fileRef = 806727A7260B5801009DA897 /* DataStore.swift */; };
		806727AB260B6C88009DA897 /* CountryModel.swift in Sources */ = {isa = PBXBuildFile; fileRef = 806727AA260B6C88009DA897 /* CountryModel.swift */; };
		806727B1260B6E01009DA897 /* NetworkDataFetcher.swift in Sources */ = {isa = PBXBuildFile; fileRef = 806727B0260B6E01009DA897 /* NetworkDataFetcher.swift */; };
		806727B4260B762C009DA897 /* AppGroup.swift in Sources */ = {isa = PBXBuildFile; fileRef = 806727B3260B762C009DA897 /* AppGroup.swift */; };
		806977BD260B1DD400BE190C /* AppDelegate.swift in Sources */ = {isa = PBXBuildFile; fileRef = 806977BC260B1DD400BE190C /* AppDelegate.swift */; };
		806977BF260B1DD400BE190C /* SceneDelegate.swift in Sources */ = {isa = PBXBuildFile; fileRef = 806977BE260B1DD400BE190C /* SceneDelegate.swift */; };
		806977C6260B1DD600BE190C /* Assets.xcassets in Resources */ = {isa = PBXBuildFile; fileRef = 806977C5260B1DD600BE190C /* Assets.xcassets */; };
		806977C9260B1DD600BE190C /* LaunchScreen.storyboard in Resources */ = {isa = PBXBuildFile; fileRef = 806977C7260B1DD600BE190C /* LaunchScreen.storyboard */; };
/* End PBXBuildFile section */

/* Begin PBXFileReference section */
		8043AA11260CBBC200BE94EE /* DataFetcherService.swift */ = {isa = PBXFileReference; lastKnownFileType = sourcecode.swift; path = DataFetcherService.swift; sourceTree = "<group>"; };
		8043AA14260CE29D00BE94EE /* LocalDataFetcher.swift */ = {isa = PBXFileReference; lastKnownFileType = sourcecode.swift; path = LocalDataFetcher.swift; sourceTree = "<group>"; };
		8043AA1B260CE4C200BE94EE /* localJSON.txt */ = {isa = PBXFileReference; fileEncoding = 4; lastKnownFileType = text; name = localJSON.txt; path = ../../../localJSON.txt; sourceTree = "<group>"; };
		8067279B260B4F78009DA897 /* ViewController.swift */ = {isa = PBXFileReference; lastKnownFileType = sourcecode.swift; path = ViewController.swift; sourceTree = "<group>"; };
		8067279F260B4FE3009DA897 /* Main.storyboard */ = {isa = PBXFileReference; lastKnownFileType = file.storyboard; path = Main.storyboard; sourceTree = "<group>"; };
		806727A4260B5677009DA897 /* NetworkService.swift */ = {isa = PBXFileReference; lastKnownFileType = sourcecode.swift; path = NetworkService.swift; sourceTree = "<group>"; };
		806727A7260B5801009DA897 /* DataStore.swift */ = {isa = PBXFileReference; lastKnownFileType = sourcecode.swift; path = DataStore.swift; sourceTree = "<group>"; };
		806727AA260B6C88009DA897 /* CountryModel.swift */ = {isa = PBXFileReference; lastKnownFileType = sourcecode.swift; path = CountryModel.swift; sourceTree = "<group>"; };
		806727B0260B6E01009DA897 /* NetworkDataFetcher.swift */ = {isa = PBXFileReference; lastKnownFileType = sourcecode.swift; path = NetworkDataFetcher.swift; sourceTree = "<group>"; };
		806727B3260B762C009DA897 /* AppGroup.swift */ = {isa = PBXFileReference; lastKnownFileType = sourcecode.swift; path = AppGroup.swift; sourceTree = "<group>"; };
		806977B9260B1DD400BE190C /* SOLID.app */ = {isa = PBXFileReference; explicitFileType = wrapper.application; includeInIndex = 0; path = SOLID.app; sourceTree = BUILT_PRODUCTS_DIR; };
		806977BC260B1DD400BE190C /* AppDelegate.swift */ = {isa = PBXFileReference; lastKnownFileType = sourcecode.swift; path = AppDelegate.swift; sourceTree = "<group>"; };
		806977BE260B1DD400BE190C /* SceneDelegate.swift */ = {isa = PBXFileReference; lastKnownFileType = sourcecode.swift; path = SceneDelegate.swift; sourceTree = "<group>"; };
		806977C5260B1DD600BE190C /* Assets.xcassets */ = {isa = PBXFileReference; lastKnownFileType = folder.assetcatalog; path = Assets.xcassets; sourceTree = "<group>"; };
		806977C8260B1DD600BE190C /* Base */ = {isa = PBXFileReference; lastKnownFileType = file.storyboard; name = Base; path = Base.lproj/LaunchScreen.storyboard; sourceTree = "<group>"; };
		806977CA260B1DD600BE190C /* Info.plist */ = {isa = PBXFileReference; lastKnownFileType = text.plist.xml; path = Info.plist; sourceTree = "<group>"; };
/* End PBXFileReference section */

/* Begin PBXFrameworksBuildPhase section */
		806977B6260B1DD400BE190C /* Frameworks */ = {
			isa = PBXFrameworksBuildPhase;
			buildActionMask = 2147483647;
			files = (
			);
			runOnlyForDeploymentPostprocessing = 0;
		};
/* End PBXFrameworksBuildPhase section */

/* Begin PBXGroup section */
		806727AD260B6CAB009DA897 /* Model */ = {
			isa = PBXGroup;
			children = (
				806727AA260B6C88009DA897 /* CountryModel.swift */,
				806727B3260B762C009DA897 /* AppGroup.swift */,
			);
			path = Model;
			sourceTree = "<group>";
		};
		806727AE260B6CBC009DA897 /* Controller */ = {
			isa = PBXGroup;
			children = (
				8067279B260B4F78009DA897 /* ViewController.swift */,
				806727A7260B5801009DA897 /* DataStore.swift */,
				806727A4260B5677009DA897 /* NetworkService.swift */,
				806727B0260B6E01009DA897 /* NetworkDataFetcher.swift */,
				8043AA14260CE29D00BE94EE /* LocalDataFetcher.swift */,
				8043AA11260CBBC200BE94EE /* DataFetcherService.swift */,
				8043AA1B260CE4C200BE94EE /* localJSON.txt */,
			);
			path = Controller;
			sourceTree = "<group>";
		};
		806977B0260B1DD400BE190C = {
			isa = PBXGroup;
			children = (
				806977BB260B1DD400BE190C /* SOLID */,
				806977BA260B1DD400BE190C /* Products */,
			);
			sourceTree = "<group>";
		};
		806977BA260B1DD400BE190C /* Products */ = {
			isa = PBXGroup;
			children = (
				806977B9260B1DD400BE190C /* SOLID.app */,
			);
			name = Products;
			sourceTree = "<group>";
		};
		806977BB260B1DD400BE190C /* SOLID */ = {
			isa = PBXGroup;
			children = (
				806727AD260B6CAB009DA897 /* Model */,
				806977D3260B262400BE190C /* View */,
				806727AE260B6CBC009DA897 /* Controller */,
				806977D1260B25FF00BE190C /* System32 */,
			);
			path = SOLID;
			sourceTree = "<group>";
		};
		806977D1260B25FF00BE190C /* System32 */ = {
			isa = PBXGroup;
			children = (
				806977BC260B1DD400BE190C /* AppDelegate.swift */,
				806977BE260B1DD400BE190C /* SceneDelegate.swift */,
				806977C5260B1DD600BE190C /* Assets.xcassets */,
				806977C7260B1DD600BE190C /* LaunchScreen.storyboard */,
				806977CA260B1DD600BE190C /* Info.plist */,
			);
			path = System32;
			sourceTree = "<group>";
		};
		806977D3260B262400BE190C /* View */ = {
			isa = PBXGroup;
			children = (
				8067279F260B4FE3009DA897 /* Main.storyboard */,
			);
			path = View;
			sourceTree = "<group>";
		};
/* End PBXGroup section */

/* Begin PBXNativeTarget section */
		806977B8260B1DD400BE190C /* SOLID */ = {
			isa = PBXNativeTarget;
			buildConfigurationList = 806977CD260B1DD600BE190C /* Build configuration list for PBXNativeTarget "SOLID" */;
			buildPhases = (
				806977B5260B1DD400BE190C /* Sources */,
				806977B6260B1DD400BE190C /* Frameworks */,
				806977B7260B1DD400BE190C /* Resources */,
			);
			buildRules = (
			);
			dependencies = (
			);
			name = SOLID;
			productName = SOLID;
			productReference = 806977B9260B1DD400BE190C /* SOLID.app */;
			productType = "com.apple.product-type.application";
		};
/* End PBXNativeTarget section */

/* Begin PBXProject section */
		806977B1260B1DD400BE190C /* Project object */ = {
			isa = PBXProject;
			attributes = {
				LastSwiftUpdateCheck = 1240;
				LastUpgradeCheck = 1240;
				TargetAttributes = {
					806977B8260B1DD400BE190C = {
						CreatedOnToolsVersion = 12.4;
					};
				};
			};
			buildConfigurationList = 806977B4260B1DD400BE190C /* Build configuration list for PBXProject "SOLID" */;
			compatibilityVersion = "Xcode 9.3";
			developmentRegion = en;
			hasScannedForEncodings = 0;
			knownRegions = (
				en,
				Base,
			);
			mainGroup = 806977B0260B1DD400BE190C;
			productRefGroup = 806977BA260B1DD400BE190C /* Products */;
			projectDirPath = "";
			projectRoot = "";
			targets = (
				806977B8260B1DD400BE190C /* SOLID */,
			);
		};
/* End PBXProject section */

/* Begin PBXResourcesBuildPhase section */
		806977B7260B1DD400BE190C /* Resources */ = {
			isa = PBXResourcesBuildPhase;
			buildActionMask = 2147483647;
			files = (
				8043AA1C260CE4C200BE94EE /* localJSON.txt in Resources */,
				806977C9260B1DD600BE190C /* LaunchScreen.storyboard in Resources */,
				806977C6260B1DD600BE190C /* Assets.xcassets in Resources */,
				806727A0260B4FE3009DA897 /* Main.storyboard in Resources */,
			);
			runOnlyForDeploymentPostprocessing = 0;
		};
/* End PBXResourcesBuildPhase section */

/* Begin PBXSourcesBuildPhase section */
		806977B5260B1DD400BE190C /* Sources */ = {
			isa = PBXSourcesBuildPhase;
			buildActionMask = 2147483647;
			files = (
				806727B1260B6E01009DA897 /* NetworkDataFetcher.swift in Sources */,
				8067279C260B4F78009DA897 /* ViewController.swift in Sources */,
				806977BD260B1DD400BE190C /* AppDelegate.swift in Sources */,
				806727AB260B6C88009DA897 /* CountryModel.swift in Sources */,
				806727A5260B5677009DA897 /* NetworkService.swift in Sources */,
				8043AA12260CBBC200BE94EE /* DataFetcherService.swift in Sources */,
				806727A8260B5801009DA897 /* DataStore.swift in Sources */,
				8043AA15260CE29D00BE94EE /* LocalDataFetcher.swift in Sources */,
				806977BF260B1DD400BE190C /* SceneDelegate.swift in Sources */,
				806727B4260B762C009DA897 /* AppGroup.swift in Sources */,
			);
			runOnlyForDeploymentPostprocessing = 0;
		};
/* End PBXSourcesBuildPhase section */

/* Begin PBXVariantGroup section */
		806977C7260B1DD600BE190C /* LaunchScreen.storyboard */ = {
			isa = PBXVariantGroup;
			children = (
				806977C8260B1DD600BE190C /* Base */,
			);
			name = LaunchScreen.storyboard;
			sourceTree = "<group>";
		};
/* End PBXVariantGroup section */

/* Begin XCBuildConfiguration section */
		806977CB260B1DD600BE190C /* Debug */ = {
			isa = XCBuildConfiguration;
			buildSettings = {
				ALWAYS_SEARCH_USER_PATHS = NO;
				CLANG_ANALYZER_NONNULL = YES;
				CLANG_ANALYZER_NUMBER_OBJECT_CONVERSION = YES_AGGRESSIVE;
				CLANG_CXX_LANGUAGE_STANDARD = "gnu++14";
				CLANG_CXX_LIBRARY = "libc++";
				CLANG_ENABLE_MODULES = YES;
				CLANG_ENABLE_OBJC_ARC = YES;
				CLANG_ENABLE_OBJC_WEAK = YES;
				CLANG_WARN_BLOCK_CAPTURE_AUTORELEASING = YES;
				CLANG_WARN_BOOL_CONVERSION = YES;
				CLANG_WARN_COMMA = YES;
				CLANG_WARN_CONSTANT_CONVERSION = YES;
				CLANG_WARN_DEPRECATED_OBJC_IMPLEMENTATIONS = YES;
				CLANG_WARN_DIRECT_OBJC_ISA_USAGE = YES_ERROR;
				CLANG_WARN_DOCUMENTATION_COMMENTS = YES;
				CLANG_WARN_EMPTY_BODY = YES;
				CLANG_WARN_ENUM_CONVERSION = YES;
				CLANG_WARN_INFINITE_RECURSION = YES;
				CLANG_WARN_INT_CONVERSION = YES;
				CLANG_WARN_NON_LITERAL_NULL_CONVERSION = YES;
				CLANG_WARN_OBJC_IMPLICIT_RETAIN_SELF = YES;
				CLANG_WARN_OBJC_LITERAL_CONVERSION = YES;
				CLANG_WARN_OBJC_ROOT_CLASS = YES_ERROR;
				CLANG_WARN_QUOTED_INCLUDE_IN_FRAMEWORK_HEADER = YES;
				CLANG_WARN_RANGE_LOOP_ANALYSIS = YES;
				CLANG_WARN_STRICT_PROTOTYPES = YES;
				CLANG_WARN_SUSPICIOUS_MOVE = YES;
				CLANG_WARN_UNGUARDED_AVAILABILITY = YES_AGGRESSIVE;
				CLANG_WARN_UNREACHABLE_CODE = YES;
				CLANG_WARN__DUPLICATE_METHOD_MATCH = YES;
				COPY_PHASE_STRIP = NO;
				DEBUG_INFORMATION_FORMAT = dwarf;
				ENABLE_STRICT_OBJC_MSGSEND = YES;
				ENABLE_TESTABILITY = YES;
				GCC_C_LANGUAGE_STANDARD = gnu11;
				GCC_DYNAMIC_NO_PIC = NO;
				GCC_NO_COMMON_BLOCKS = YES;
				GCC_OPTIMIZATION_LEVEL = 0;
				GCC_PREPROCESSOR_DEFINITIONS = (
					"DEBUG=1",
					"$(inherited)",
				);
				GCC_WARN_64_TO_32_BIT_CONVERSION = YES;
				GCC_WARN_ABOUT_RETURN_TYPE = YES_ERROR;
				GCC_WARN_UNDECLARED_SELECTOR = YES;
				GCC_WARN_UNINITIALIZED_AUTOS = YES_AGGRESSIVE;
				GCC_WARN_UNUSED_FUNCTION = YES;
				GCC_WARN_UNUSED_VARIABLE = YES;
				IPHONEOS_DEPLOYMENT_TARGET = 14.4;
				MTL_ENABLE_DEBUG_INFO = INCLUDE_SOURCE;
				MTL_FAST_MATH = YES;
				ONLY_ACTIVE_ARCH = YES;
				SDKROOT = iphoneos;
				SWIFT_ACTIVE_COMPILATION_CONDITIONS = DEBUG;
				SWIFT_OPTIMIZATION_LEVEL = "-Onone";
			};
			name = Debug;
		};
		806977CC260B1DD600BE190C /* Release */ = {
			isa = XCBuildConfiguration;
			buildSettings = {
				ALWAYS_SEARCH_USER_PATHS = NO;
				CLANG_ANALYZER_NONNULL = YES;
				CLANG_ANALYZER_NUMBER_OBJECT_CONVERSION = YES_AGGRESSIVE;
				CLANG_CXX_LANGUAGE_STANDARD = "gnu++14";
				CLANG_CXX_LIBRARY = "libc++";
				CLANG_ENABLE_MODULES = YES;
				CLANG_ENABLE_OBJC_ARC = YES;
				CLANG_ENABLE_OBJC_WEAK = YES;
				CLANG_WARN_BLOCK_CAPTURE_AUTORELEASING = YES;
				CLANG_WARN_BOOL_CONVERSION = YES;
				CLANG_WARN_COMMA = YES;
				CLANG_WARN_CONSTANT_CONVERSION = YES;
				CLANG_WARN_DEPRECATED_OBJC_IMPLEMENTATIONS = YES;
				CLANG_WARN_DIRECT_OBJC_ISA_USAGE = YES_ERROR;
				CLANG_WARN_DOCUMENTATION_COMMENTS = YES;
				CLANG_WARN_EMPTY_BODY = YES;
				CLANG_WARN_ENUM_CONVERSION = YES;
				CLANG_WARN_INFINITE_RECURSION = YES;
				CLANG_WARN_INT_CONVERSION = YES;
				CLANG_WARN_NON_LITERAL_NULL_CONVERSION = YES;
				CLANG_WARN_OBJC_IMPLICIT_RETAIN_SELF = YES;
				CLANG_WARN_OBJC_LITERAL_CONVERSION = YES;
				CLANG_WARN_OBJC_ROOT_CLASS = YES_ERROR;
				CLANG_WARN_QUOTED_INCLUDE_IN_FRAMEWORK_HEADER = YES;
				CLANG_WARN_RANGE_LOOP_ANALYSIS = YES;
				CLANG_WARN_STRICT_PROTOTYPES = YES;
				CLANG_WARN_SUSPICIOUS_MOVE = YES;
				CLANG_WARN_UNGUARDED_AVAILABILITY = YES_AGGRESSIVE;
				CLANG_WARN_UNREACHABLE_CODE = YES;
				CLANG_WARN__DUPLICATE_METHOD_MATCH = YES;
				COPY_PHASE_STRIP = NO;
				DEBUG_INFORMATION_FORMAT = "dwarf-with-dsym";
				ENABLE_NS_ASSERTIONS = NO;
				ENABLE_STRICT_OBJC_MSGSEND = YES;
				GCC_C_LANGUAGE_STANDARD = gnu11;
				GCC_NO_COMMON_BLOCKS = YES;
				GCC_WARN_64_TO_32_BIT_CONVERSION = YES;
				GCC_WARN_ABOUT_RETURN_TYPE = YES_ERROR;
				GCC_WARN_UNDECLARED_SELECTOR = YES;
				GCC_WARN_UNINITIALIZED_AUTOS = YES_AGGRESSIVE;
				GCC_WARN_UNUSED_FUNCTION = YES;
				GCC_WARN_UNUSED_VARIABLE = YES;
				IPHONEOS_DEPLOYMENT_TARGET = 14.4;
				MTL_ENABLE_DEBUG_INFO = NO;
				MTL_FAST_MATH = YES;
				SDKROOT = iphoneos;
				SWIFT_COMPILATION_MODE = wholemodule;
				SWIFT_OPTIMIZATION_LEVEL = "-O";
				VALIDATE_PRODUCT = YES;
			};
			name = Release;
		};
		806977CE260B1DD600BE190C /* Debug */ = {
			isa = XCBuildConfiguration;
			buildSettings = {
				ASSETCATALOG_COMPILER_APPICON_NAME = AppIcon;
				ASSETCATALOG_COMPILER_GLOBAL_ACCENT_COLOR_NAME = AccentColor;
				CODE_SIGN_STYLE = Automatic;
				CURRENT_PROJECT_VERSION = 104;
				DEVELOPMENT_TEAM = 879U287R5Q;
				INFOPLIST_FILE = "$(SRCROOT)/SOLID/System32/Info.plist";
				LD_RUNPATH_SEARCH_PATHS = (
					"$(inherited)",
					"@executable_path/Frameworks",
				);
				PRODUCT_BUNDLE_IDENTIFIER = ihValery.SOLID;
				PRODUCT_NAME = "$(TARGET_NAME)";
				SWIFT_VERSION = 5.0;
				TARGETED_DEVICE_FAMILY = "1,2";
			};
			name = Debug;
		};
		806977CF260B1DD600BE190C /* Release */ = {
			isa = XCBuildConfiguration;
			buildSettings = {
				ASSETCATALOG_COMPILER_APPICON_NAME = AppIcon;
				ASSETCATALOG_COMPILER_GLOBAL_ACCENT_COLOR_NAME = AccentColor;
				CODE_SIGN_STYLE = Automatic;
				CURRENT_PROJECT_VERSION = 104;
				DEVELOPMENT_TEAM = 879U287R5Q;
				INFOPLIST_FILE = "$(SRCROOT)/SOLID/System32/Info.plist";
				LD_RUNPATH_SEARCH_PATHS = (
					"$(inherited)",
					"@executable_path/Frameworks",
				);
				PRODUCT_BUNDLE_IDENTIFIER = ihValery.SOLID;
				PRODUCT_NAME = "$(TARGET_NAME)";
				SWIFT_VERSION = 5.0;
				TARGETED_DEVICE_FAMILY = "1,2";
			};
			name = Release;
		};
/* End XCBuildConfiguration section */

/* Begin XCConfigurationList section */
		806977B4260B1DD400BE190C /* Build configuration list for PBXProject "SOLID" */ = {
			isa = XCConfigurationList;
			buildConfigurations = (
				806977CB260B1DD600BE190C /* Debug */,
				806977CC260B1DD600BE190C /* Release */,
			);
			defaultConfigurationIsVisible = 0;
			defaultConfigurationName = Release;
		};
		806977CD260B1DD600BE190C /* Build configuration list for PBXNativeTarget "SOLID" */ = {
			isa = XCConfigurationList;
			buildConfigurations = (
				806977CE260B1DD600BE190C /* Debug */,
				806977CF260B1DD600BE190C /* Release */,
			);
			defaultConfigurationIsVisible = 0;
			defaultConfigurationName = Release;
		};
/* End XCConfigurationList section */
	};
	rootObject = 806977B1260B1DD400BE190C /* Project object */;
}
